
Microsoft Visual Studio Solution File, Format Version 12.00
# Visual Studio Version 16
VisualStudioVersion = 16.0.31515.178
MinimumVisualStudioVersion = 10.0.40219.1
Project("{888888A0-9F3D-457C-B088-3A5042F75D52}") = "Phase 3", "Phase 3.pyproj", "{BF481DCB-4AE6-468E-A662-39D8B0486C48}"
EndProject
Global
	GlobalSection(SolutionConfigurationPlatforms) = preSolution
		Debug|Any CPU = Debug|Any CPU
		Release|Any CPU = Release|Any CPU
	EndGlobalSection
	GlobalSection(ProjectConfigurationPlatforms) = postSolution
		{BF481DCB-4AE6-468E-A662-39D8B0486C48}.Debug|Any CPU.ActiveCfg = Debug|Any CPU
		{BF481DCB-4AE6-468E-A662-39D8B0486C48}.Release|Any CPU.ActiveCfg = Release|Any CPU
	EndGlobalSection
	GlobalSection(SolutionProperties) = preSolution
		HideSolutionNode = FALSE
	EndGlobalSection
	GlobalSection(ExtensibilityGlobals) = postSolution
		SolutionGuid = {6FFF9C06-61EB-496D-B515-8F61781DEA5C}
	EndGlobalSection
EndGlobal
